// !$*UTF8*$!
{
	archiveVersion = 1;
	classes = {
	};
	objectVersion = 46;
	objects = {

/* Begin PBXBuildFile section */
		F9A1FFE41F29FFD1000B9C54 /* AppDelegate.swift in Sources */ = {isa = PBXBuildFile; fileRef = F9A1FFE31F29FFD1000B9C54 /* AppDelegate.swift */; };
		F9A1FFE61F29FFD1000B9C54 /* ViewController.swift in Sources */ = {isa = PBXBuildFile; fileRef = F9A1FFE51F29FFD1000B9C54 /* ViewController.swift */; };
		F9A1FFE91F29FFD1000B9C54 /* Main.storyboard in Resources */ = {isa = PBXBuildFile; fileRef = F9A1FFE71F29FFD1000B9C54 /* Main.storyboard */; };
		F9A1FFEB1F29FFD2000B9C54 /* Assets.xcassets in Resources */ = {isa = PBXBuildFile; fileRef = F9A1FFEA1F29FFD2000B9C54 /* Assets.xcassets */; };
		F9A1FFEE1F29FFD2000B9C54 /* LaunchScreen.storyboard in Resources */ = {isa = PBXBuildFile; fileRef = F9A1FFEC1F29FFD2000B9C54 /* LaunchScreen.storyboard */; };
/* End PBXBuildFile section */

/* Begin PBXFileReference section */
		F9A1FFE01F29FFD0000B9C54 /* BezierPathTest.app */ = {isa = PBXFileReference; explicitFileType = wrapper.application; includeInIndex = 0; path = BezierPathTest.app; sourceTree = BUILT_PRODUCTS_DIR; };
		F9A1FFE31F29FFD1000B9C54 /* AppDelegate.swift */ = {isa = PBXFileReference; lastKnownFileType = sourcecode.swift; path = AppDelegate.swift; sourceTree = "<group>"; };
		F9A1FFE51F29FFD1000B9C54 /* ViewController.swift */ = {isa = PBXFileReference; lastKnownFileType = sourcecode.swift; path = ViewController.swift; sourceTree = "<group>"; };
		F9A1FFE81F29FFD1000B9C54 /* Base */ = {isa = PBXFileReference; lastKnownFileType = file.storyboard; name = Base; path = Base.lproj/Main.storyboard; sourceTree = "<group>"; };
		F9A1FFEA1F29FFD2000B9C54 /* Assets.xcassets */ = {isa = PBXFileReference; lastKnownFileType = folder.assetcatalog; path = Assets.xcassets; sourceTree = "<group>"; };
		F9A1FFED1F29FFD2000B9C54 /* Base */ = {isa = PBXFileReference; lastKnownFileType = file.storyboard; name = Base; path = Base.lproj/LaunchScreen.storyboard; sourceTree = "<group>"; };
		F9A1FFEF1F29FFD2000B9C54 /* Info.plist */ = {isa = PBXFileReference; lastKnownFileType = text.plist.xml; path = Info.plist; sourceTree = "<group>"; };
/* End PBXFileReference section */

/* Begin PBXFrameworksBuildPhase section */
		F9A1FFDD1F29FFD0000B9C54 /* Frameworks */ = {
			isa = PBXFrameworksBuildPhase;
			buildActionMask = 2147483647;
			files = (
			);
			runOnlyForDeploymentPostprocessing = 0;
		};
/* End PBXFrameworksBuildPhase section */

/* Begin PBXGroup section */
		F9A1FFD71F29FFD0000B9C54 = {
			isa = PBXGroup;
			children = (
				F9A1FFE21F29FFD0000B9C54 /* BezierPathTest */,
				F9A1FFE11F29FFD0000B9C54 /* Products */,
			);
			sourceTree = "<group>";
		};
		F9A1FFE11F29FFD0000B9C54 /* Products */ = {
			isa = PBXGroup;
			children = (
				F9A1FFE01F29FFD0000B9C54 /* BezierPathTest.app */,
			);
			name = Products;
			sourceTree = "<group>";
		};
		F9A1FFE21F29FFD0000B9C54 /* BezierPathTest */ = {
			isa = PBXGroup;
			children = (
				F9A1FFE31F29FFD1000B9C54 /* AppDelegate.swift */,
				F9A1FFE51F29FFD1000B9C54 /* ViewController.swift */,
				F9A1FFE71F29FFD1000B9C54 /* Main.storyboard */,
				F9A1FFEA1F29FFD2000B9C54 /* Assets.xcassets */,
				F9A1FFEC1F29FFD2000B9C54 /* LaunchScreen.storyboard */,
				F9A1FFEF1F29FFD2000B9C54 /* Info.plist */,
			);
			path = BezierPathTest;
			sourceTree = "<group>";
		};
/* End PBXGroup section */

/* Begin PBXNativeTarget section */
		F9A1FFDF1F29FFD0000B9C54 /* BezierPathTest */ = {
			isa = PBXNativeTarget;
			buildConfigurationList = F9A1FFF21F29FFD2000B9C54 /* Build configuration list for PBXNativeTarget "BezierPathTest" */;
			buildPhases = (
				F9A1FFDC1F29FFD0000B9C54 /* Sources */,
				F9A1FFDD1F29FFD0000B9C54 /* Frameworks */,
				F9A1FFDE1F29FFD0000B9C54 /* Resources */,
			);
			buildRules = (
			);
			dependencies = (
			);
			name = BezierPathTest;
			productName = BezierPathTest;
			productReference = F9A1FFE01F29FFD0000B9C54 /* BezierPathTest.app */;
			productType = "com.apple.product-type.application";
		};
/* End PBXNativeTarget section */

/* Begin PBXProject section */
		F9A1FFD81F29FFD0000B9C54 /* Project object */ = {
			isa = PBXProject;
			attributes = {
				LastSwiftUpdateCheck = 0830;
				LastUpgradeCheck = 0830;
				ORGANIZATIONNAME = "Tringapps Inc";
				TargetAttributes = {
					F9A1FFDF1F29FFD0000B9C54 = {
						CreatedOnToolsVersion = 8.3.3;
						DevelopmentTeam = 8739AQZ43Q;
						ProvisioningStyle = Automatic;
					};
				};
			};
			buildConfigurationList = F9A1FFDB1F29FFD0000B9C54 /* Build configuration list for PBXProject "BezierPathTest" */;
			compatibilityVersion = "Xcode 3.2";
			developmentRegion = English;
			hasScannedForEncodings = 0;
			knownRegions = (
				en,
				Base,
			);
			mainGroup = F9A1FFD71F29FFD0000B9C54;
			productRefGroup = F9A1FFE11F29FFD0000B9C54 /* Products */;
			projectDirPath = "";
			projectRoot = "";
			targets = (
				F9A1FFDF1F29FFD0000B9C54 /* BezierPathTest */,
			);
		};
/* End PBXProject section */

/* Begin PBXResourcesBuildPhase section */
		F9A1FFDE1F29FFD0000B9C54 /* Resources */ = {
			isa = PBXResourcesBuildPhase;
			buildActionMask = 2147483647;
			files = (
				F9A1FFEE1F29FFD2000B9C54 /* LaunchScreen.storyboard in Resources */,
				F9A1FFEB1F29FFD2000B9C54 /* Assets.xcassets in Resources */,
				F9A1FFE91F29FFD1000B9C54 /* Main.storyboard in Resources */,
			);
			runOnlyForDeploymentPostprocessing = 0;
		};
/* End PBXResourcesBuildPhase section */

/* Begin PBXSourcesBuildPhase section */
		F9A1FFDC1F29FFD0000B9C54 /* Sources */ = {
			isa = PBXSourcesBuildPhase;
			buildActionMask = 2147483647;
			files = (
				F9A1FFE61F29FFD1000B9C54 /* ViewController.swift in Sources */,
				F9A1FFE41F29FFD1000B9C54 /* AppDelegate.swift in Sources */,
			);
			runOnlyForDeploymentPostprocessing = 0;
		};
/* End PBXSourcesBuildPhase section */

/* Begin PBXVariantGroup section */
		F9A1FFE71F29FFD1000B9C54 /* Main.storyboard */ = {
			isa = PBXVariantGroup;
			children = (
				F9A1FFE81F29FFD1000B9C54 /* Base */,
			);
			name = Main.storyboard;
			sourceTree = "<group>";
		};
		F9A1FFEC1F29FFD2000B9C54 /* LaunchScreen.storyboard */ = {
			isa = PBXVariantGroup;
			children = (
				F9A1FFED1F29FFD2000B9C54 /* Base */,
			);
			name = LaunchScreen.storyboard;
			sourceTree = "<group>";
		};
/* End PBXVariantGroup section */

/* Begin XCBuildConfiguration section */
		F9A1FFF01F29FFD2000B9C54 /* Debug */ = {
			isa = XCBuildConfiguration;
			buildSettings = {
				ALWAYS_SEARCH_USER_PATHS = NO;
				CLANG_ANALYZER_NONNULL = YES;
				CLANG_ANALYZER_NUMBER_OBJECT_CONVERSION = YES_AGGRESSIVE;
				CLANG_CXX_LANGUAGE_STANDARD = "gnu++0x";
				CLANG_CXX_LIBRARY = "libc++";
				CLANG_ENABLE_MODULES = YES;
				CLANG_ENABLE_OBJC_ARC = YES;
				CLANG_WARN_BOOL_CONVERSION = YES;
				CLANG_WARN_CONSTANT_CONVERSION = YES;
				CLANG_WARN_DIRECT_OBJC_ISA_USAGE = YES_ERROR;
				CLANG_WARN_DOCUMENTATION_COMMENTS = YES;
				CLANG_WARN_EMPTY_BODY = YES;
				CLANG_WARN_ENUM_CONVERSION = YES;
				CLANG_WARN_INFINITE_RECURSION = YES;
				CLANG_WARN_INT_CONVERSION = YES;
				CLANG_WARN_OBJC_ROOT_CLASS = YES_ERROR;
				CLANG_WARN_SUSPICIOUS_MOVE = YES;
				CLANG_WARN_UNREACHABLE_CODE = YES;
				CLANG_WARN__DUPLICATE_METHOD_MATCH = YES;
				"CODE_SIGN_IDENTITY[sdk=iphoneos*]" = "iPhone Developer";
				COPY_PHASE_STRIP = NO;
				DEBUG_INFORMATION_FORMAT = dwarf;
				ENABLE_STRICT_OBJC_MSGSEND = YES;
				ENABLE_TESTABILITY = YES;
				GCC_C_LANGUAGE_STANDARD = gnu99;
				GCC_DYNAMIC_NO_PIC = NO;
				GCC_NO_COMMON_BLOCKS = YES;
				GCC_OPTIMIZATION_LEVEL = 0;
				GCC_PREPROCESSOR_DEFINITIONS = (
					"DEBUG=1",
					"$(inherited)",
				);
				GCC_WARN_64_TO_32_BIT_CONVERSION = YES;
				GCC_WARN_ABOUT_RETURN_TYPE = YES_ERROR;
				GCC_WARN_UNDECLARED_SELECTOR = YES;
				GCC_WARN_UNINITIALIZED_AUTOS = YES_AGGRESSIVE;
				GCC_WARN_UNUSED_FUNCTION = YES;
				GCC_WARN_UNUSED_VARIABLE = YES;
				IPHONEOS_DEPLOYMENT_TARGET = 10.3;
				MTL_ENABLE_DEBUG_INFO = YES;
				ONLY_ACTIVE_ARCH = YES;
				SDKROOT = iphoneos;
				SWIFT_ACTIVE_COMPILATION_CONDITIONS = DEBUG;
				SWIFT_OPTIMIZATION_LEVEL = "-Onone";
				TARGETED_DEVICE_FAMILY = "1,2";
			};
			name = Debug;
		};
		F9A1FFF11F29FFD2000B9C54 /* Release */ = {
			isa = XCBuildConfiguration;
			buildSettings = {
				ALWAYS_SEARCH_USER_PATHS = NO;
				CLANG_ANALYZER_NONNULL = YES;
				CLANG_ANALYZER_NUMBER_OBJECT_CONVERSION = YES_AGGRESSIVE;
				CLANG_CXX_LANGUAGE_STANDARD = "gnu++0x";
				CLANG_CXX_LIBRARY = "libc++";
				CLANG_ENABLE_MODULES = YES;
				CLANG_ENABLE_OBJC_ARC = YES;
				CLANG_WARN_BOOL_CONVERSION = YES;
				CLANG_WARN_CONSTANT_CONVERSION = YES;
				CLANG_WARN_DIRECT_OBJC_ISA_USAGE = YES_ERROR;
				CLANG_WARN_DOCUMENTATION_COMMENTS = YES;
				CLANG_WARN_EMPTY_BODY = YES;
				CLANG_WARN_ENUM_CONVERSION = YES;
				CLANG_WARN_INFINITE_RECURSION = YES;
				CLANG_WARN_INT_CONVERSION = YES;
				CLANG_WARN_OBJC_ROOT_CLASS = YES_ERROR;
				CLANG_WARN_SUSPICIOUS_MOVE = YES;
				CLANG_WARN_UNREACHABLE_CODE = YES;
				CLANG_WARN__DUPLICATE_METHOD_MATCH = YES;
				"CODE_SIGN_IDENTITY[sdk=iphoneos*]" = "iPhone Developer";
				COPY_PHASE_STRIP = NO;
				DEBUG_INFORMATION_FORMAT = "dwarf-with-dsym";
				ENABLE_NS_ASSERTIONS = NO;
				ENABLE_STRICT_OBJC_MSGSEND = YES;
				GCC_C_LANGUAGE_STANDARD = gnu99;
				GCC_NO_COMMON_BLOCKS = YES;
				GCC_WARN_64_TO_32_BIT_CONVERSION = YES;
				GCC_WARN_ABOUT_RETURN_TYPE = YES_ERROR;
				GCC_WARN_UNDECLARED_SELECTOR = YES;
				GCC_WARN_UNINITIALIZED_AUTOS = YES_AGGRESSIVE;
				GCC_WARN_UNUSED_FUNCTION = YES;
				GCC_WARN_UNUSED_VARIABLE = YES;
				IPHONEOS_DEPLOYMENT_TARGET = 10.3;
				MTL_ENABLE_DEBUG_INFO = NO;
				SDKROOT = iphoneos;
				SWIFT_OPTIMIZATION_LEVEL = "-Owholemodule";
				TARGETED_DEVICE_FAMILY = "1,2";
				VALIDATE_PRODUCT = YES;
			};
			name = Release;
		};
		F9A1FFF31F29FFD2000B9C54 /* Debug */ = {
			isa = XCBuildConfiguration;
			buildSettings = {
				ASSETCATALOG_COMPILER_APPICON_NAME = AppIcon;
				DEVELOPMENT_TEAM = 8739AQZ43Q;
				INFOPLIST_FILE = BezierPathTest/Info.plist;
				LD_RUNPATH_SEARCH_PATHS = "$(inherited) @executable_path/Frameworks";
				PRODUCT_BUNDLE_IDENTIFIER = com.tringapps.BezierPathTest;
				PRODUCT_NAME = "$(TARGET_NAME)";
				SWIFT_VERSION = 3.0;
			};
			name = Debug;
		};
		F9A1FFF41F29FFD2000B9C54 /* Release */ = {
			isa = XCBuildConfiguration;
			buildSettings = {
				ASSETCATALOG_COMPILER_APPICON_NAME = AppIcon;
				DEVELOPMENT_TEAM = 8739AQZ43Q;
				INFOPLIST_FILE = BezierPathTest/Info.plist;
				LD_RUNPATH_SEARCH_PATHS = "$(inherited) @executable_path/Frameworks";
				PRODUCT_BUNDLE_IDENTIFIER = com.tringapps.BezierPathTest;
				PRODUCT_NAME = "$(TARGET_NAME)";
				SWIFT_VERSION = 3.0;
			};
			name = Release;
		};
/* End XCBuildConfiguration section */

/* Begin XCConfigurationList section */
		F9A1FFDB1F29FFD0000B9C54 /* Build configuration list for PBXProject "BezierPathTest" */ = {
			isa = XCConfigurationList;
			buildConfigurations = (
				F9A1FFF01F29FFD2000B9C54 /* Debug */,
				F9A1FFF11F29FFD2000B9C54 /* Release */,
			);
			defaultConfigurationIsVisible = 0;
			defaultConfigurationName = Release;
		};
		F9A1FFF21F29FFD2000B9C54 /* Build configuration list for PBXNativeTarget "BezierPathTest" */ = {
			isa = XCConfigurationList;
			buildConfigurations = (
				F9A1FFF31F29FFD2000B9C54 /* Debug */,
				F9A1FFF41F29FFD2000B9C54 /* Release */,
			);
			defaultConfigurationIsVisible = 0;
		};
/* End XCConfigurationList section */
	};
	rootObject = F9A1FFD81F29FFD0000B9C54 /* Project object */;
}
